{
  "lockfileVersion": 1,
  "configVersion": 1,
  "workspaces": {
    "": {
      "name": "@devchitchat/chat",
      "dependencies": {
        "@devchitchat/index97": "^2.1.2",
        "@devchitchat/rdbljs": "^2.0.0",
      },
    },
  },
  "packages": {
    "@devchitchat/index97": ["@devchitchat/index97@2.1.2", "", { "peerDependencies": { "typescript": "^5" }, "optionalPeers": ["typescript"], "bin": { "index97": "cli.js" } }, "sha512-eKg+HKtDjgNzeM4VBIK0Mkk+1ORzm7QczBqmqV1olC/aFjRByxMuTBa5hU9/Q6tqHXlYXLZFoTtSCGD4I4hD1A=="],

    "@devchitchat/rdbljs": ["@devchitchat/rdbljs@2.0.0", "", { "peerDependencies": { "typescript": "^5" }, "optionalPeers": ["typescript"] }, "sha512-aPqjU3xHII5Q9oOqqCgI7P/L9JWg7MWwxR63AgaGGKav2V2ysGcKISfUC/g98ARO2GXi/sTbbZHq+Yck3gmoSg=="],

    "typescript": ["typescript@5.9.3", "", { "bin": { "tsc": "bin/tsc", "tsserver": "bin/tsserver" } }, "sha512-jl1vZzPDinLr9eUt3J/t7V6FgNEw9QjvBPdysz9KfQDD41fQrC2Y4vKQdiaUpFT4bXlb1RHhLpp8wtm6M5TgSw=="],
  }
}
