{
  "lockfileVersion": 1,
  "configVersion": 1,
  "workspaces": {
    "": {
      "name": "@devchitchat/chat",
      "dependencies": {
        "@devchitchat/index97": "^3.3.1",
      },
    },
  },
  "packages": {
    "@devchitchat/index97": ["@devchitchat/index97@3.3.1", "", { "peerDependencies": { "typescript": "^5" }, "optionalPeers": ["typescript"], "bin": { "index97": "cli.js" } }, "sha512-m6SDGybbM9HiCRgzzxU8Qs+lq53qQ9EMfWib1yqAxYWvMaTH0jkBmBMvW/HYs6dIU/PrgIU/2pCCc14DSVzk3A=="],
  }
}
