{
  "name": "@devchitchat/chat",
  "version": "3.0.39",
  "lockfileVersion": 3,
  "requires": true,
  "packages": {
    "": {
      "name": "@devchitchat/chat",
      "version": "3.0.39",
      "dependencies": {
        "@devchitchat/index97": "^2.1.2",
        "@devchitchat/rdbljs": "^2.0.0"
      }
    },
    "node_modules/@devchitchat/index97": {
      "version": "2.1.2",
      "license": "MIT",
      "bin": {
        "index97": "cli.js"
      },
      "engines": {
        "bun": ">=1.0.0"
      },
      "peerDependencies": {
        "typescript": "^5"
      },
      "peerDependenciesMeta": {
        "typescript": {
          "optional": true
        }
      }
    },
    "node_modules/@devchitchat/rdbljs": {
      "version": "2.0.0",
      "license": "MIT",
      "engines": {
        "bun": ">=1.0.0"
      },
      "peerDependencies": {
        "typescript": "^5"
      },
      "peerDependenciesMeta": {
        "typescript": {
          "optional": true
        }
      }
    }
  }
}
